
Microsoft Visual Studio Solution File, Format Version 12.00
# Visual Studio Version 17
VisualStudioVersion = 17.14.36518.9
MinimumVisualStudioVersion = 10.0.40219.1
Project("{FAE04EC0-301F-11D3-BF4B-00C04F79EFBC}") = "Ingemat", "Ingemat\Ingemat.csproj", "{B275EF1F-6A9A-40F2-B6E6-761A5FADC3CE}"
EndProject
Project("{FAE04EC0-301F-11D3-BF4B-00C04F79EFBC}") = "CapaDatos", "CapaDatos\CapaDatos.csproj", "{AB3CBC0F-6C9A-44F8-8551-F7B3F3A5272B}"
EndProject
Project("{FAE04EC0-301F-11D3-BF4B-00C04F79EFBC}") = "CapaLogica", "CapaLogica\CapaLogica.csproj", "{4D755722-AAC0-4034-9055-EAF02967AD93}"
EndProject
Project("{FAE04EC0-301F-11D3-BF4B-00C04F79EFBC}") = "CapaEntidad", "CapaEntidad\CapaEntidad.csproj", "{581169DB-89F4-4E57-9A69-47EA44C3377E}"
EndProject
Global
	GlobalSection(SolutionConfigurationPlatforms) = preSolution
		Debug|Any CPU = Debug|Any CPU
		Release|Any CPU = Release|Any CPU
	EndGlobalSection
	GlobalSection(ProjectConfigurationPlatforms) = postSolution
		{B275EF1F-6A9A-40F2-B6E6-761A5FADC3CE}.Debug|Any CPU.ActiveCfg = Debug|Any CPU
		{B275EF1F-6A9A-40F2-B6E6-761A5FADC3CE}.Debug|Any CPU.Build.0 = Debug|Any CPU
		{B275EF1F-6A9A-40F2-B6E6-761A5FADC3CE}.Release|Any CPU.ActiveCfg = Release|Any CPU
		{B275EF1F-6A9A-40F2-B6E6-761A5FADC3CE}.Release|Any CPU.Build.0 = Release|Any CPU
		{AB3CBC0F-6C9A-44F8-8551-F7B3F3A5272B}.Debug|Any CPU.ActiveCfg = Debug|Any CPU
		{AB3CBC0F-6C9A-44F8-8551-F7B3F3A5272B}.Debug|Any CPU.Build.0 = Debug|Any CPU
		{AB3CBC0F-6C9A-44F8-8551-F7B3F3A5272B}.Release|Any CPU.ActiveCfg = Release|Any CPU
		{AB3CBC0F-6C9A-44F8-8551-F7B3F3A5272B}.Release|Any CPU.Build.0 = Release|Any CPU
		{4D755722-AAC0-4034-9055-EAF02967AD93}.Debug|Any CPU.ActiveCfg = Debug|Any CPU
		{4D755722-AAC0-4034-9055-EAF02967AD93}.Debug|Any CPU.Build.0 = Debug|Any CPU
		{4D755722-AAC0-4034-9055-EAF02967AD93}.Release|Any CPU.ActiveCfg = Release|Any CPU
		{4D755722-AAC0-4034-9055-EAF02967AD93}.Release|Any CPU.Build.0 = Release|Any CPU
		{581169DB-89F4-4E57-9A69-47EA44C3377E}.Debug|Any CPU.ActiveCfg = Debug|Any CPU
		{581169DB-89F4-4E57-9A69-47EA44C3377E}.Debug|Any CPU.Build.0 = Debug|Any CPU
		{581169DB-89F4-4E57-9A69-47EA44C3377E}.Release|Any CPU.ActiveCfg = Release|Any CPU
		{581169DB-89F4-4E57-9A69-47EA44C3377E}.Release|Any CPU.Build.0 = Release|Any CPU
	EndGlobalSection
	GlobalSection(SolutionProperties) = preSolution
		HideSolutionNode = FALSE
	EndGlobalSection
	GlobalSection(ExtensibilityGlobals) = postSolution
		SolutionGuid = {B0AA937D-0425-4416-B90A-5F53FCE24B6C}
	EndGlobalSection
EndGlobal
